// !$*UTF8*$!
{
	archiveVersion = 1;
	classes = {
	};
	objectVersion = 60;
	objects = {

/* Begin PBXBuildFile section */
		9D471BFF2BFBC9FE00E5C6D8 /* SchemaGraphQL in Frameworks */ = {isa = PBXBuildFile; productRef = 9D471BFE2BFBC9FE00E5C6D8 /* SchemaGraphQL */; };
		9D471C022BFBCA5500E5C6D8 /* Types.swift in Sources */ = {isa = PBXBuildFile; fileRef = 9D471C012BFBCA5500E5C6D8 /* Types.swift */; };
		9D5DC2792BFC805800F78D1D /* NetworkManager.swift in Sources */ = {isa = PBXBuildFile; fileRef = 9D5DC2782BFC805800F78D1D /* NetworkManager.swift */; };
		9D5DC27C2BFC87FF00F78D1D /* MoviesModel.swift in Sources */ = {isa = PBXBuildFile; fileRef = 9D5DC27B2BFC87FF00F78D1D /* MoviesModel.swift */; };
		9DB924482BFB704C0059478B /* GQLApp.swift in Sources */ = {isa = PBXBuildFile; fileRef = 9DB924472BFB704C0059478B /* GQLApp.swift */; };
		9DB9244A2BFB704C0059478B /* ContentView.swift in Sources */ = {isa = PBXBuildFile; fileRef = 9DB924492BFB704C0059478B /* ContentView.swift */; };
		9DB9244C2BFB704D0059478B /* Assets.xcassets in Resources */ = {isa = PBXBuildFile; fileRef = 9DB9244B2BFB704D0059478B /* Assets.xcassets */; };
		9DB9244F2BFB704D0059478B /* Preview Assets.xcassets in Resources */ = {isa = PBXBuildFile; fileRef = 9DB9244E2BFB704D0059478B /* Preview Assets.xcassets */; };
		9DB924572BFB70690059478B /* Apollo in Frameworks */ = {isa = PBXBuildFile; productRef = 9DB924562BFB70690059478B /* Apollo */; };
		9DB9245F2BFB84100059478B /* schema.graphqls in Resources */ = {isa = PBXBuildFile; fileRef = 9DB9245D2BFB84100059478B /* schema.graphqls */; };
		9DB924612BFB843A0059478B /* Queries.graphql in Resources */ = {isa = PBXBuildFile; fileRef = 9DB924602BFB843A0059478B /* Queries.graphql */; };
/* End PBXBuildFile section */

/* Begin PBXFileReference section */
		9D471C012BFBCA5500E5C6D8 /* Types.swift */ = {isa = PBXFileReference; lastKnownFileType = sourcecode.swift; path = Types.swift; sourceTree = "<group>"; };
		9D5DC2782BFC805800F78D1D /* NetworkManager.swift */ = {isa = PBXFileReference; lastKnownFileType = sourcecode.swift; path = NetworkManager.swift; sourceTree = "<group>"; };
		9D5DC27A2BFC87BF00F78D1D /* Info.plist */ = {isa = PBXFileReference; lastKnownFileType = text.plist; path = Info.plist; sourceTree = "<group>"; };
		9D5DC27B2BFC87FF00F78D1D /* MoviesModel.swift */ = {isa = PBXFileReference; lastKnownFileType = sourcecode.swift; path = MoviesModel.swift; sourceTree = "<group>"; };
		9DB924442BFB704C0059478B /* GQL.app */ = {isa = PBXFileReference; explicitFileType = wrapper.application; includeInIndex = 0; path = GQL.app; sourceTree = BUILT_PRODUCTS_DIR; };
		9DB924472BFB704C0059478B /* GQLApp.swift */ = {isa = PBXFileReference; lastKnownFileType = sourcecode.swift; path = GQLApp.swift; sourceTree = "<group>"; };
		9DB924492BFB704C0059478B /* ContentView.swift */ = {isa = PBXFileReference; lastKnownFileType = sourcecode.swift; path = ContentView.swift; sourceTree = "<group>"; };
		9DB9244B2BFB704D0059478B /* Assets.xcassets */ = {isa = PBXFileReference; lastKnownFileType = folder.assetcatalog; path = Assets.xcassets; sourceTree = "<group>"; };
		9DB9244E2BFB704D0059478B /* Preview Assets.xcassets */ = {isa = PBXFileReference; lastKnownFileType = folder.assetcatalog; path = "Preview Assets.xcassets"; sourceTree = "<group>"; };
		9DB9245D2BFB84100059478B /* schema.graphqls */ = {isa = PBXFileReference; fileEncoding = 4; lastKnownFileType = text; path = schema.graphqls; sourceTree = "<group>"; };
		9DB924602BFB843A0059478B /* Queries.graphql */ = {isa = PBXFileReference; lastKnownFileType = text; path = Queries.graphql; sourceTree = "<group>"; };
/* End PBXFileReference section */

/* Begin PBXFrameworksBuildPhase section */
		9DB924412BFB704C0059478B /* Frameworks */ = {
			isa = PBXFrameworksBuildPhase;
			buildActionMask = 2147483647;
			files = (
				9DB924572BFB70690059478B /* Apollo in Frameworks */,
				9D471BFF2BFBC9FE00E5C6D8 /* SchemaGraphQL in Frameworks */,
			);
			runOnlyForDeploymentPostprocessing = 0;
		};
/* End PBXFrameworksBuildPhase section */

/* Begin PBXGroup section */
		9D471C002BFBCA4300E5C6D8 /* Models */ = {
			isa = PBXGroup;
			children = (
				9D471C012BFBCA5500E5C6D8 /* Types.swift */,
			);
			path = Models;
			sourceTree = "<group>";
		};
		9D5DC2762BFC802100F78D1D /* Models */ = {
			isa = PBXGroup;
			children = (
				9D5DC27B2BFC87FF00F78D1D /* MoviesModel.swift */,
			);
			path = Models;
			sourceTree = "<group>";
		};
		9D5DC2772BFC803C00F78D1D /* Manager */ = {
			isa = PBXGroup;
			children = (
				9D5DC2782BFC805800F78D1D /* NetworkManager.swift */,
			);
			path = Manager;
			sourceTree = "<group>";
		};
		9DB9243B2BFB704C0059478B = {
			isa = PBXGroup;
			children = (
				9DB924462BFB704C0059478B /* GQL */,
				9DB924452BFB704C0059478B /* Products */,
			);
			sourceTree = "<group>";
		};
		9DB924452BFB704C0059478B /* Products */ = {
			isa = PBXGroup;
			children = (
				9DB924442BFB704C0059478B /* GQL.app */,
			);
			name = Products;
			sourceTree = "<group>";
		};
		9DB924462BFB704C0059478B /* GQL */ = {
			isa = PBXGroup;
			children = (
				9D5DC27A2BFC87BF00F78D1D /* Info.plist */,
				9D5DC2772BFC803C00F78D1D /* Manager */,
				9D5DC2762BFC802100F78D1D /* Models */,
				9DB9245E2BFB84100059478B /* GraphQL */,
				9DB924472BFB704C0059478B /* GQLApp.swift */,
				9DB924492BFB704C0059478B /* ContentView.swift */,
				9DB9244B2BFB704D0059478B /* Assets.xcassets */,
				9DB9244D2BFB704D0059478B /* Preview Content */,
			);
			path = GQL;
			sourceTree = "<group>";
		};
		9DB9244D2BFB704D0059478B /* Preview Content */ = {
			isa = PBXGroup;
			children = (
				9DB9244E2BFB704D0059478B /* Preview Assets.xcassets */,
			);
			path = "Preview Content";
			sourceTree = "<group>";
		};
		9DB9245E2BFB84100059478B /* GraphQL */ = {
			isa = PBXGroup;
			children = (
				9D471C002BFBCA4300E5C6D8 /* Models */,
				9DB9245D2BFB84100059478B /* schema.graphqls */,
				9DB924602BFB843A0059478B /* Queries.graphql */,
			);
			path = GraphQL;
			sourceTree = "<group>";
		};
/* End PBXGroup section */

/* Begin PBXNativeTarget section */
		9DB924432BFB704C0059478B /* GQL */ = {
			isa = PBXNativeTarget;
			buildConfigurationList = 9DB924522BFB704D0059478B /* Build configuration list for PBXNativeTarget "GQL" */;
			buildPhases = (
				9DB924402BFB704C0059478B /* Sources */,
				9DB924412BFB704C0059478B /* Frameworks */,
				9DB924422BFB704C0059478B /* Resources */,
			);
			buildRules = (
			);
			dependencies = (
			);
			name = GQL;
			packageProductDependencies = (
				9DB924562BFB70690059478B /* Apollo */,
				9D471BFE2BFBC9FE00E5C6D8 /* SchemaGraphQL */,
			);
			productName = GQL;
			productReference = 9DB924442BFB704C0059478B /* GQL.app */;
			productType = "com.apple.product-type.application";
		};
/* End PBXNativeTarget section */

/* Begin PBXProject section */
		9DB9243C2BFB704C0059478B /* Project object */ = {
			isa = PBXProject;
			attributes = {
				BuildIndependentTargetsInParallel = 1;
				LastSwiftUpdateCheck = 1530;
				LastUpgradeCheck = 1530;
				TargetAttributes = {
					9DB924432BFB704C0059478B = {
						CreatedOnToolsVersion = 15.3;
					};
				};
			};
			buildConfigurationList = 9DB9243F2BFB704C0059478B /* Build configuration list for PBXProject "GQL" */;
			compatibilityVersion = "Xcode 14.0";
			developmentRegion = en;
			hasScannedForEncodings = 0;
			knownRegions = (
				en,
				Base,
			);
			mainGroup = 9DB9243B2BFB704C0059478B;
			packageReferences = (
				9DB924552BFB70690059478B /* XCRemoteSwiftPackageReference "apollo-ios" */,
				9D471BFD2BFBC9FE00E5C6D8 /* XCLocalSwiftPackageReference "SchemaGraphQL" */,
			);
			productRefGroup = 9DB924452BFB704C0059478B /* Products */;
			projectDirPath = "";
			projectRoot = "";
			targets = (
				9DB924432BFB704C0059478B /* GQL */,
			);
		};
/* End PBXProject section */

/* Begin PBXResourcesBuildPhase section */
		9DB924422BFB704C0059478B /* Resources */ = {
			isa = PBXResourcesBuildPhase;
			buildActionMask = 2147483647;
			files = (
				9DB9244F2BFB704D0059478B /* Preview Assets.xcassets in Resources */,
				9DB9245F2BFB84100059478B /* schema.graphqls in Resources */,
				9DB924612BFB843A0059478B /* Queries.graphql in Resources */,
				9DB9244C2BFB704D0059478B /* Assets.xcassets in Resources */,
			);
			runOnlyForDeploymentPostprocessing = 0;
		};
/* End PBXResourcesBuildPhase section */

/* Begin PBXSourcesBuildPhase section */
		9DB924402BFB704C0059478B /* Sources */ = {
			isa = PBXSourcesBuildPhase;
			buildActionMask = 2147483647;
			files = (
				9D5DC2792BFC805800F78D1D /* NetworkManager.swift in Sources */,
				9D471C022BFBCA5500E5C6D8 /* Types.swift in Sources */,
				9D5DC27C2BFC87FF00F78D1D /* MoviesModel.swift in Sources */,
				9DB9244A2BFB704C0059478B /* ContentView.swift in Sources */,
				9DB924482BFB704C0059478B /* GQLApp.swift in Sources */,
			);
			runOnlyForDeploymentPostprocessing = 0;
		};
/* End PBXSourcesBuildPhase section */

/* Begin XCBuildConfiguration section */
		9DB924502BFB704D0059478B /* Debug */ = {
			isa = XCBuildConfiguration;
			buildSettings = {
				ALWAYS_SEARCH_USER_PATHS = NO;
				ASSETCATALOG_COMPILER_GENERATE_SWIFT_ASSET_SYMBOL_EXTENSIONS = YES;
				CLANG_ANALYZER_NONNULL = YES;
				CLANG_ANALYZER_NUMBER_OBJECT_CONVERSION = YES_AGGRESSIVE;
				CLANG_CXX_LANGUAGE_STANDARD = "gnu++20";
				CLANG_ENABLE_MODULES = YES;
				CLANG_ENABLE_OBJC_ARC = YES;
				CLANG_ENABLE_OBJC_WEAK = YES;
				CLANG_WARN_BLOCK_CAPTURE_AUTORELEASING = YES;
				CLANG_WARN_BOOL_CONVERSION = YES;
				CLANG_WARN_COMMA = YES;
				CLANG_WARN_CONSTANT_CONVERSION = YES;
				CLANG_WARN_DEPRECATED_OBJC_IMPLEMENTATIONS = YES;
				CLANG_WARN_DIRECT_OBJC_ISA_USAGE = YES_ERROR;
				CLANG_WARN_DOCUMENTATION_COMMENTS = YES;
				CLANG_WARN_EMPTY_BODY = YES;
				CLANG_WARN_ENUM_CONVERSION = YES;
				CLANG_WARN_INFINITE_RECURSION = YES;
				CLANG_WARN_INT_CONVERSION = YES;
				CLANG_WARN_NON_LITERAL_NULL_CONVERSION = YES;
				CLANG_WARN_OBJC_IMPLICIT_RETAIN_SELF = YES;
				CLANG_WARN_OBJC_LITERAL_CONVERSION = YES;
				CLANG_WARN_OBJC_ROOT_CLASS = YES_ERROR;
				CLANG_WARN_QUOTED_INCLUDE_IN_FRAMEWORK_HEADER = YES;
				CLANG_WARN_RANGE_LOOP_ANALYSIS = YES;
				CLANG_WARN_STRICT_PROTOTYPES = YES;
				CLANG_WARN_SUSPICIOUS_MOVE = YES;
				CLANG_WARN_UNGUARDED_AVAILABILITY = YES_AGGRESSIVE;
				CLANG_WARN_UNREACHABLE_CODE = YES;
				CLANG_WARN__DUPLICATE_METHOD_MATCH = YES;
				COPY_PHASE_STRIP = NO;
				DEBUG_INFORMATION_FORMAT = dwarf;
				ENABLE_STRICT_OBJC_MSGSEND = YES;
				ENABLE_TESTABILITY = YES;
				ENABLE_USER_SCRIPT_SANDBOXING = YES;
				GCC_C_LANGUAGE_STANDARD = gnu17;
				GCC_DYNAMIC_NO_PIC = NO;
				GCC_NO_COMMON_BLOCKS = YES;
				GCC_OPTIMIZATION_LEVEL = 0;
				GCC_PREPROCESSOR_DEFINITIONS = (
					"DEBUG=1",
					"$(inherited)",
				);
				GCC_WARN_64_TO_32_BIT_CONVERSION = YES;
				GCC_WARN_ABOUT_RETURN_TYPE = YES_ERROR;
				GCC_WARN_UNDECLARED_SELECTOR = YES;
				GCC_WARN_UNINITIALIZED_AUTOS = YES_AGGRESSIVE;
				GCC_WARN_UNUSED_FUNCTION = YES;
				GCC_WARN_UNUSED_VARIABLE = YES;
				IPHONEOS_DEPLOYMENT_TARGET = 17.4;
				LOCALIZATION_PREFERS_STRING_CATALOGS = YES;
				MTL_ENABLE_DEBUG_INFO = INCLUDE_SOURCE;
				MTL_FAST_MATH = YES;
				ONLY_ACTIVE_ARCH = YES;
				SDKROOT = iphoneos;
				SWIFT_ACTIVE_COMPILATION_CONDITIONS = "DEBUG $(inherited)";
				SWIFT_OPTIMIZATION_LEVEL = "-Onone";
			};
			name = Debug;
		};
		9DB924512BFB704D0059478B /* Release */ = {
			isa = XCBuildConfiguration;
			buildSettings = {
				ALWAYS_SEARCH_USER_PATHS = NO;
				ASSETCATALOG_COMPILER_GENERATE_SWIFT_ASSET_SYMBOL_EXTENSIONS = YES;
				CLANG_ANALYZER_NONNULL = YES;
				CLANG_ANALYZER_NUMBER_OBJECT_CONVERSION = YES_AGGRESSIVE;
				CLANG_CXX_LANGUAGE_STANDARD = "gnu++20";
				CLANG_ENABLE_MODULES = YES;
				CLANG_ENABLE_OBJC_ARC = YES;
				CLANG_ENABLE_OBJC_WEAK = YES;
				CLANG_WARN_BLOCK_CAPTURE_AUTORELEASING = YES;
				CLANG_WARN_BOOL_CONVERSION = YES;
				CLANG_WARN_COMMA = YES;
				CLANG_WARN_CONSTANT_CONVERSION = YES;
				CLANG_WARN_DEPRECATED_OBJC_IMPLEMENTATIONS = YES;
				CLANG_WARN_DIRECT_OBJC_ISA_USAGE = YES_ERROR;
				CLANG_WARN_DOCUMENTATION_COMMENTS = YES;
				CLANG_WARN_EMPTY_BODY = YES;
				CLANG_WARN_ENUM_CONVERSION = YES;
				CLANG_WARN_INFINITE_RECURSION = YES;
				CLANG_WARN_INT_CONVERSION = YES;
				CLANG_WARN_NON_LITERAL_NULL_CONVERSION = YES;
				CLANG_WARN_OBJC_IMPLICIT_RETAIN_SELF = YES;
				CLANG_WARN_OBJC_LITERAL_CONVERSION = YES;
				CLANG_WARN_OBJC_ROOT_CLASS = YES_ERROR;
				CLANG_WARN_QUOTED_INCLUDE_IN_FRAMEWORK_HEADER = YES;
				CLANG_WARN_RANGE_LOOP_ANALYSIS = YES;
				CLANG_WARN_STRICT_PROTOTYPES = YES;
				CLANG_WARN_SUSPICIOUS_MOVE = YES;
				CLANG_WARN_UNGUARDED_AVAILABILITY = YES_AGGRESSIVE;
				CLANG_WARN_UNREACHABLE_CODE = YES;
				CLANG_WARN__DUPLICATE_METHOD_MATCH = YES;
				COPY_PHASE_STRIP = NO;
				DEBUG_INFORMATION_FORMAT = "dwarf-with-dsym";
				ENABLE_NS_ASSERTIONS = NO;
				ENABLE_STRICT_OBJC_MSGSEND = YES;
				ENABLE_USER_SCRIPT_SANDBOXING = YES;
				GCC_C_LANGUAGE_STANDARD = gnu17;
				GCC_NO_COMMON_BLOCKS = YES;
				GCC_WARN_64_TO_32_BIT_CONVERSION = YES;
				GCC_WARN_ABOUT_RETURN_TYPE = YES_ERROR;
				GCC_WARN_UNDECLARED_SELECTOR = YES;
				GCC_WARN_UNINITIALIZED_AUTOS = YES_AGGRESSIVE;
				GCC_WARN_UNUSED_FUNCTION = YES;
				GCC_WARN_UNUSED_VARIABLE = YES;
				IPHONEOS_DEPLOYMENT_TARGET = 17.4;
				LOCALIZATION_PREFERS_STRING_CATALOGS = YES;
				MTL_ENABLE_DEBUG_INFO = NO;
				MTL_FAST_MATH = YES;
				SDKROOT = iphoneos;
				SWIFT_COMPILATION_MODE = wholemodule;
				VALIDATE_PRODUCT = YES;
			};
			name = Release;
		};
		9DB924532BFB704D0059478B /* Debug */ = {
			isa = XCBuildConfiguration;
			buildSettings = {
				ASSETCATALOG_COMPILER_APPICON_NAME = AppIcon;
				ASSETCATALOG_COMPILER_GLOBAL_ACCENT_COLOR_NAME = AccentColor;
				CODE_SIGN_STYLE = Automatic;
				CURRENT_PROJECT_VERSION = 1;
				DEVELOPMENT_ASSET_PATHS = "\"GQL/Preview Content\"";
				DEVELOPMENT_TEAM = 7L7LCFBR3F;
				ENABLE_PREVIEWS = YES;
				GENERATE_INFOPLIST_FILE = YES;
				INFOPLIST_FILE = GQL/Info.plist;
				INFOPLIST_KEY_UIApplicationSceneManifest_Generation = YES;
				INFOPLIST_KEY_UIApplicationSupportsIndirectInputEvents = YES;
				INFOPLIST_KEY_UILaunchScreen_Generation = YES;
				INFOPLIST_KEY_UISupportedInterfaceOrientations_iPad = "UIInterfaceOrientationPortrait UIInterfaceOrientationPortraitUpsideDown UIInterfaceOrientationLandscapeLeft UIInterfaceOrientationLandscapeRight";
				INFOPLIST_KEY_UISupportedInterfaceOrientations_iPhone = "UIInterfaceOrientationPortrait UIInterfaceOrientationLandscapeLeft UIInterfaceOrientationLandscapeRight";
				LD_RUNPATH_SEARCH_PATHS = (
					"$(inherited)",
					"@executable_path/Frameworks",
				);
				MARKETING_VERSION = 1.0;
				PRODUCT_BUNDLE_IDENTIFIER = com.maksymlakhman.GQL;
				PRODUCT_NAME = "$(TARGET_NAME)";
				SWIFT_EMIT_LOC_STRINGS = YES;
				SWIFT_VERSION = 5.0;
				TARGETED_DEVICE_FAMILY = "1,2";
			};
			name = Debug;
		};
		9DB924542BFB704D0059478B /* Release */ = {
			isa = XCBuildConfiguration;
			buildSettings = {
				ASSETCATALOG_COMPILER_APPICON_NAME = AppIcon;
				ASSETCATALOG_COMPILER_GLOBAL_ACCENT_COLOR_NAME = AccentColor;
				CODE_SIGN_STYLE = Automatic;
				CURRENT_PROJECT_VERSION = 1;
				DEVELOPMENT_ASSET_PATHS = "\"GQL/Preview Content\"";
				DEVELOPMENT_TEAM = 7L7LCFBR3F;
				ENABLE_PREVIEWS = YES;
				GENERATE_INFOPLIST_FILE = YES;
				INFOPLIST_FILE = GQL/Info.plist;
				INFOPLIST_KEY_UIApplicationSceneManifest_Generation = YES;
				INFOPLIST_KEY_UIApplicationSupportsIndirectInputEvents = YES;
				INFOPLIST_KEY_UILaunchScreen_Generation = YES;
				INFOPLIST_KEY_UISupportedInterfaceOrientations_iPad = "UIInterfaceOrientationPortrait UIInterfaceOrientationPortraitUpsideDown UIInterfaceOrientationLandscapeLeft UIInterfaceOrientationLandscapeRight";
				INFOPLIST_KEY_UISupportedInterfaceOrientations_iPhone = "UIInterfaceOrientationPortrait UIInterfaceOrientationLandscapeLeft UIInterfaceOrientationLandscapeRight";
				LD_RUNPATH_SEARCH_PATHS = (
					"$(inherited)",
					"@executable_path/Frameworks",
				);
				MARKETING_VERSION = 1.0;
				PRODUCT_BUNDLE_IDENTIFIER = com.maksymlakhman.GQL;
				PRODUCT_NAME = "$(TARGET_NAME)";
				SWIFT_EMIT_LOC_STRINGS = YES;
				SWIFT_VERSION = 5.0;
				TARGETED_DEVICE_FAMILY = "1,2";
			};
			name = Release;
		};
/* End XCBuildConfiguration section */

/* Begin XCConfigurationList section */
		9DB9243F2BFB704C0059478B /* Build configuration list for PBXProject "GQL" */ = {
			isa = XCConfigurationList;
			buildConfigurations = (
				9DB924502BFB704D0059478B /* Debug */,
				9DB924512BFB704D0059478B /* Release */,
			);
			defaultConfigurationIsVisible = 0;
			defaultConfigurationName = Release;
		};
		9DB924522BFB704D0059478B /* Build configuration list for PBXNativeTarget "GQL" */ = {
			isa = XCConfigurationList;
			buildConfigurations = (
				9DB924532BFB704D0059478B /* Debug */,
				9DB924542BFB704D0059478B /* Release */,
			);
			defaultConfigurationIsVisible = 0;
			defaultConfigurationName = Release;
		};
/* End XCConfigurationList section */

/* Begin XCLocalSwiftPackageReference section */
		9D471BFD2BFBC9FE00E5C6D8 /* XCLocalSwiftPackageReference "SchemaGraphQL" */ = {
			isa = XCLocalSwiftPackageReference;
			relativePath = SchemaGraphQL;
		};
/* End XCLocalSwiftPackageReference section */

/* Begin XCRemoteSwiftPackageReference section */
		9DB924552BFB70690059478B /* XCRemoteSwiftPackageReference "apollo-ios" */ = {
			isa = XCRemoteSwiftPackageReference;
			repositoryURL = "https://github.com/apollographql/apollo-ios";
			requirement = {
				kind = upToNextMajorVersion;
				minimumVersion = 1.11.0;
			};
		};
/* End XCRemoteSwiftPackageReference section */

/* Begin XCSwiftPackageProductDependency section */
		9D471BFE2BFBC9FE00E5C6D8 /* SchemaGraphQL */ = {
			isa = XCSwiftPackageProductDependency;
			productName = SchemaGraphQL;
		};
		9DB924562BFB70690059478B /* Apollo */ = {
			isa = XCSwiftPackageProductDependency;
			package = 9DB924552BFB70690059478B /* XCRemoteSwiftPackageReference "apollo-ios" */;
			productName = Apollo;
		};
/* End XCSwiftPackageProductDependency section */
	};
	rootObject = 9DB9243C2BFB704C0059478B /* Project object */;
}
